// !$*UTF8*$!
{
	archiveVersion = 1;
	classes = {
	};
	objectVersion = 48;
	objects = {

/* Begin PBXBuildFile section */
		81842F2D1FA91B3200BFFC18 /* AppDelegate.swift in Sources */ = {isa = PBXBuildFile; fileRef = 81842F2C1FA91B3200BFFC18 /* AppDelegate.swift */; };
		81842F2F1FA91B3200BFFC18 /* ViewController.swift in Sources */ = {isa = PBXBuildFile; fileRef = 81842F2E1FA91B3200BFFC18 /* ViewController.swift */; };
		81842F321FA91B3200BFFC18 /* Main.storyboard in Resources */ = {isa = PBXBuildFile; fileRef = 81842F301FA91B3200BFFC18 /* Main.storyboard */; };
		81842F341FA91B3200BFFC18 /* Assets.xcassets in Resources */ = {isa = PBXBuildFile; fileRef = 81842F331FA91B3200BFFC18 /* Assets.xcassets */; };
		81842F371FA91B3200BFFC18 /* LaunchScreen.storyboard in Resources */ = {isa = PBXBuildFile; fileRef = 81842F351FA91B3200BFFC18 /* LaunchScreen.storyboard */; };
		81842F421FA91B3300BFFC18 /* Table2ExercuseTimeTests.swift in Sources */ = {isa = PBXBuildFile; fileRef = 81842F411FA91B3300BFFC18 /* Table2ExercuseTimeTests.swift */; };
		81842F4D1FA91B3300BFFC18 /* Table2ExercuseTimeUITests.swift in Sources */ = {isa = PBXBuildFile; fileRef = 81842F4C1FA91B3300BFFC18 /* Table2ExercuseTimeUITests.swift */; };
		81842F5B1FA91C8B00BFFC18 /* Movie.swift in Sources */ = {isa = PBXBuildFile; fileRef = 81842F5A1FA91C8B00BFFC18 /* Movie.swift */; };
		81842F5D1FA91CA700BFFC18 /* MovieData.swift in Sources */ = {isa = PBXBuildFile; fileRef = 81842F5C1FA91CA700BFFC18 /* MovieData.swift */; };
		81842F621FA91E4E00BFFC18 /* MovieTableViewCell.swift in Sources */ = {isa = PBXBuildFile; fileRef = 81842F611FA91E4E00BFFC18 /* MovieTableViewCell.swift */; };
/* End PBXBuildFile section */

/* Begin PBXContainerItemProxy section */
		81842F3E1FA91B3300BFFC18 /* PBXContainerItemProxy */ = {
			isa = PBXContainerItemProxy;
			containerPortal = 81842F211FA91B3200BFFC18 /* Project object */;
			proxyType = 1;
			remoteGlobalIDString = 81842F281FA91B3200BFFC18;
			remoteInfo = Table2ExercuseTime;
		};
		81842F491FA91B3300BFFC18 /* PBXContainerItemProxy */ = {
			isa = PBXContainerItemProxy;
			containerPortal = 81842F211FA91B3200BFFC18 /* Project object */;
			proxyType = 1;
			remoteGlobalIDString = 81842F281FA91B3200BFFC18;
			remoteInfo = Table2ExercuseTime;
		};
/* End PBXContainerItemProxy section */

/* Begin PBXFileReference section */
		81842F291FA91B3200BFFC18 /* Table2ExercuseTime.app */ = {isa = PBXFileReference; explicitFileType = wrapper.application; includeInIndex = 0; path = Table2ExercuseTime.app; sourceTree = BUILT_PRODUCTS_DIR; };
		81842F2C1FA91B3200BFFC18 /* AppDelegate.swift */ = {isa = PBXFileReference; lastKnownFileType = sourcecode.swift; path = AppDelegate.swift; sourceTree = "<group>"; };
		81842F2E1FA91B3200BFFC18 /* ViewController.swift */ = {isa = PBXFileReference; lastKnownFileType = sourcecode.swift; path = ViewController.swift; sourceTree = "<group>"; };
		81842F311FA91B3200BFFC18 /* Base */ = {isa = PBXFileReference; lastKnownFileType = file.storyboard; name = Base; path = Base.lproj/Main.storyboard; sourceTree = "<group>"; };
		81842F331FA91B3200BFFC18 /* Assets.xcassets */ = {isa = PBXFileReference; lastKnownFileType = folder.assetcatalog; path = Assets.xcassets; sourceTree = "<group>"; };
		81842F361FA91B3200BFFC18 /* Base */ = {isa = PBXFileReference; lastKnownFileType = file.storyboard; name = Base; path = Base.lproj/LaunchScreen.storyboard; sourceTree = "<group>"; };
		81842F381FA91B3200BFFC18 /* Info.plist */ = {isa = PBXFileReference; lastKnownFileType = text.plist.xml; path = Info.plist; sourceTree = "<group>"; };
		81842F3D1FA91B3300BFFC18 /* Table2ExercuseTimeTests.xctest */ = {isa = PBXFileReference; explicitFileType = wrapper.cfbundle; includeInIndex = 0; path = Table2ExercuseTimeTests.xctest; sourceTree = BUILT_PRODUCTS_DIR; };
		81842F411FA91B3300BFFC18 /* Table2ExercuseTimeTests.swift */ = {isa = PBXFileReference; lastKnownFileType = sourcecode.swift; path = Table2ExercuseTimeTests.swift; sourceTree = "<group>"; };
		81842F431FA91B3300BFFC18 /* Info.plist */ = {isa = PBXFileReference; lastKnownFileType = text.plist.xml; path = Info.plist; sourceTree = "<group>"; };
		81842F481FA91B3300BFFC18 /* Table2ExercuseTimeUITests.xctest */ = {isa = PBXFileReference; explicitFileType = wrapper.cfbundle; includeInIndex = 0; path = Table2ExercuseTimeUITests.xctest; sourceTree = BUILT_PRODUCTS_DIR; };
		81842F4C1FA91B3300BFFC18 /* Table2ExercuseTimeUITests.swift */ = {isa = PBXFileReference; lastKnownFileType = sourcecode.swift; path = Table2ExercuseTimeUITests.swift; sourceTree = "<group>"; };
		81842F4E1FA91B3300BFFC18 /* Info.plist */ = {isa = PBXFileReference; lastKnownFileType = text.plist.xml; path = Info.plist; sourceTree = "<group>"; };
		81842F5A1FA91C8B00BFFC18 /* Movie.swift */ = {isa = PBXFileReference; lastKnownFileType = sourcecode.swift; path = Movie.swift; sourceTree = "<group>"; };
		81842F5C1FA91CA700BFFC18 /* MovieData.swift */ = {isa = PBXFileReference; lastKnownFileType = sourcecode.swift; path = MovieData.swift; sourceTree = "<group>"; };
		81842F611FA91E4E00BFFC18 /* MovieTableViewCell.swift */ = {isa = PBXFileReference; lastKnownFileType = sourcecode.swift; path = MovieTableViewCell.swift; sourceTree = "<group>"; };
/* End PBXFileReference section */

/* Begin PBXFrameworksBuildPhase section */
		81842F261FA91B3200BFFC18 /* Frameworks */ = {
			isa = PBXFrameworksBuildPhase;
			buildActionMask = 2147483647;
			files = (
			);
			runOnlyForDeploymentPostprocessing = 0;
		};
		81842F3A1FA91B3300BFFC18 /* Frameworks */ = {
			isa = PBXFrameworksBuildPhase;
			buildActionMask = 2147483647;
			files = (
			);
			runOnlyForDeploymentPostprocessing = 0;
		};
		81842F451FA91B3300BFFC18 /* Frameworks */ = {
			isa = PBXFrameworksBuildPhase;
			buildActionMask = 2147483647;
			files = (
			);
			runOnlyForDeploymentPostprocessing = 0;
		};
/* End PBXFrameworksBuildPhase section */

/* Begin PBXGroup section */
		81842F201FA91B3200BFFC18 = {
			isa = PBXGroup;
			children = (
				81842F2B1FA91B3200BFFC18 /* Table2ExercuseTime */,
				81842F401FA91B3300BFFC18 /* Table2ExercuseTimeTests */,
				81842F4B1FA91B3300BFFC18 /* Table2ExercuseTimeUITests */,
				81842F2A1FA91B3200BFFC18 /* Products */,
			);
			sourceTree = "<group>";
		};
		81842F2A1FA91B3200BFFC18 /* Products */ = {
			isa = PBXGroup;
			children = (
				81842F291FA91B3200BFFC18 /* Table2ExercuseTime.app */,
				81842F3D1FA91B3300BFFC18 /* Table2ExercuseTimeTests.xctest */,
				81842F481FA91B3300BFFC18 /* Table2ExercuseTimeUITests.xctest */,
			);
			name = Products;
			sourceTree = "<group>";
		};
		81842F2B1FA91B3200BFFC18 /* Table2ExercuseTime */ = {
			isa = PBXGroup;
			children = (
				81842F2C1FA91B3200BFFC18 /* AppDelegate.swift */,
				81842F2E1FA91B3200BFFC18 /* ViewController.swift */,
				81842F301FA91B3200BFFC18 /* Main.storyboard */,
				81842F611FA91E4E00BFFC18 /* MovieTableViewCell.swift */,
				81842F601FA91DAD00BFFC18 /* Moduls */,
				81842F331FA91B3200BFFC18 /* Assets.xcassets */,
				81842F351FA91B3200BFFC18 /* LaunchScreen.storyboard */,
				81842F381FA91B3200BFFC18 /* Info.plist */,
			);
			path = Table2ExercuseTime;
			sourceTree = "<group>";
		};
		81842F401FA91B3300BFFC18 /* Table2ExercuseTimeTests */ = {
			isa = PBXGroup;
			children = (
				81842F411FA91B3300BFFC18 /* Table2ExercuseTimeTests.swift */,
				81842F431FA91B3300BFFC18 /* Info.plist */,
			);
			path = Table2ExercuseTimeTests;
			sourceTree = "<group>";
		};
		81842F4B1FA91B3300BFFC18 /* Table2ExercuseTimeUITests */ = {
			isa = PBXGroup;
			children = (
				81842F4C1FA91B3300BFFC18 /* Table2ExercuseTimeUITests.swift */,
				81842F4E1FA91B3300BFFC18 /* Info.plist */,
			);
			path = Table2ExercuseTimeUITests;
			sourceTree = "<group>";
		};
		81842F601FA91DAD00BFFC18 /* Moduls */ = {
			isa = PBXGroup;
			children = (
				81842F5C1FA91CA700BFFC18 /* MovieData.swift */,
				81842F5A1FA91C8B00BFFC18 /* Movie.swift */,
			);
			path = Moduls;
			sourceTree = "<group>";
		};
/* End PBXGroup section */

/* Begin PBXNativeTarget section */
		81842F281FA91B3200BFFC18 /* Table2ExercuseTime */ = {
			isa = PBXNativeTarget;
			buildConfigurationList = 81842F511FA91B3300BFFC18 /* Build configuration list for PBXNativeTarget "Table2ExercuseTime" */;
			buildPhases = (
				81842F251FA91B3200BFFC18 /* Sources */,
				81842F261FA91B3200BFFC18 /* Frameworks */,
				81842F271FA91B3200BFFC18 /* Resources */,
			);
			buildRules = (
			);
			dependencies = (
			);
			name = Table2ExercuseTime;
			productName = Table2ExercuseTime;
			productReference = 81842F291FA91B3200BFFC18 /* Table2ExercuseTime.app */;
			productType = "com.apple.product-type.application";
		};
		81842F3C1FA91B3300BFFC18 /* Table2ExercuseTimeTests */ = {
			isa = PBXNativeTarget;
			buildConfigurationList = 81842F541FA91B3300BFFC18 /* Build configuration list for PBXNativeTarget "Table2ExercuseTimeTests" */;
			buildPhases = (
				81842F391FA91B3300BFFC18 /* Sources */,
				81842F3A1FA91B3300BFFC18 /* Frameworks */,
				81842F3B1FA91B3300BFFC18 /* Resources */,
			);
			buildRules = (
			);
			dependencies = (
				81842F3F1FA91B3300BFFC18 /* PBXTargetDependency */,
			);
			name = Table2ExercuseTimeTests;
			productName = Table2ExercuseTimeTests;
			productReference = 81842F3D1FA91B3300BFFC18 /* Table2ExercuseTimeTests.xctest */;
			productType = "com.apple.product-type.bundle.unit-test";
		};
		81842F471FA91B3300BFFC18 /* Table2ExercuseTimeUITests */ = {
			isa = PBXNativeTarget;
			buildConfigurationList = 81842F571FA91B3300BFFC18 /* Build configuration list for PBXNativeTarget "Table2ExercuseTimeUITests" */;
			buildPhases = (
				81842F441FA91B3300BFFC18 /* Sources */,
				81842F451FA91B3300BFFC18 /* Frameworks */,
				81842F461FA91B3300BFFC18 /* Resources */,
			);
			buildRules = (
			);
			dependencies = (
				81842F4A1FA91B3300BFFC18 /* PBXTargetDependency */,
			);
			name = Table2ExercuseTimeUITests;
			productName = Table2ExercuseTimeUITests;
			productReference = 81842F481FA91B3300BFFC18 /* Table2ExercuseTimeUITests.xctest */;
			productType = "com.apple.product-type.bundle.ui-testing";
		};
/* End PBXNativeTarget section */

/* Begin PBXProject section */
		81842F211FA91B3200BFFC18 /* Project object */ = {
			isa = PBXProject;
			attributes = {
				LastSwiftUpdateCheck = 0900;
				LastUpgradeCheck = 0900;
				ORGANIZATIONNAME = C4Q;
				TargetAttributes = {
					81842F281FA91B3200BFFC18 = {
						CreatedOnToolsVersion = 9.0.1;
						ProvisioningStyle = Automatic;
					};
					81842F3C1FA91B3300BFFC18 = {
						CreatedOnToolsVersion = 9.0.1;
						ProvisioningStyle = Automatic;
						TestTargetID = 81842F281FA91B3200BFFC18;
					};
					81842F471FA91B3300BFFC18 = {
						CreatedOnToolsVersion = 9.0.1;
						ProvisioningStyle = Automatic;
						TestTargetID = 81842F281FA91B3200BFFC18;
					};
				};
			};
			buildConfigurationList = 81842F241FA91B3200BFFC18 /* Build configuration list for PBXProject "Table2ExercuseTime" */;
			compatibilityVersion = "Xcode 8.0";
			developmentRegion = en;
			hasScannedForEncodings = 0;
			knownRegions = (
				en,
				Base,
			);
			mainGroup = 81842F201FA91B3200BFFC18;
			productRefGroup = 81842F2A1FA91B3200BFFC18 /* Products */;
			projectDirPath = "";
			projectRoot = "";
			targets = (
				81842F281FA91B3200BFFC18 /* Table2ExercuseTime */,
				81842F3C1FA91B3300BFFC18 /* Table2ExercuseTimeTests */,
				81842F471FA91B3300BFFC18 /* Table2ExercuseTimeUITests */,
			);
		};
/* End PBXProject section */

/* Begin PBXResourcesBuildPhase section */
		81842F271FA91B3200BFFC18 /* Resources */ = {
			isa = PBXResourcesBuildPhase;
			buildActionMask = 2147483647;
			files = (
				81842F371FA91B3200BFFC18 /* LaunchScreen.storyboard in Resources */,
				81842F341FA91B3200BFFC18 /* Assets.xcassets in Resources */,
				81842F321FA91B3200BFFC18 /* Main.storyboard in Resources */,
			);
			runOnlyForDeploymentPostprocessing = 0;
		};
		81842F3B1FA91B3300BFFC18 /* Resources */ = {
			isa = PBXResourcesBuildPhase;
			buildActionMask = 2147483647;
			files = (
			);
			runOnlyForDeploymentPostprocessing = 0;
		};
		81842F461FA91B3300BFFC18 /* Resources */ = {
			isa = PBXResourcesBuildPhase;
			buildActionMask = 2147483647;
			files = (
			);
			runOnlyForDeploymentPostprocessing = 0;
		};
/* End PBXResourcesBuildPhase section */

/* Begin PBXSourcesBuildPhase section */
		81842F251FA91B3200BFFC18 /* Sources */ = {
			isa = PBXSourcesBuildPhase;
			buildActionMask = 2147483647;
			files = (
				81842F621FA91E4E00BFFC18 /* MovieTableViewCell.swift in Sources */,
				81842F5D1FA91CA700BFFC18 /* MovieData.swift in Sources */,
				81842F2F1FA91B3200BFFC18 /* ViewController.swift in Sources */,
				81842F2D1FA91B3200BFFC18 /* AppDelegate.swift in Sources */,
				81842F5B1FA91C8B00BFFC18 /* Movie.swift in Sources */,
			);
			runOnlyForDeploymentPostprocessing = 0;
		};
		81842F391FA91B3300BFFC18 /* Sources */ = {
			isa = PBXSourcesBuildPhase;
			buildActionMask = 2147483647;
			files = (
				81842F421FA91B3300BFFC18 /* Table2ExercuseTimeTests.swift in Sources */,
			);
			runOnlyForDeploymentPostprocessing = 0;
		};
		81842F441FA91B3300BFFC18 /* Sources */ = {
			isa = PBXSourcesBuildPhase;
			buildActionMask = 2147483647;
			files = (
				81842F4D1FA91B3300BFFC18 /* Table2ExercuseTimeUITests.swift in Sources */,
			);
			runOnlyForDeploymentPostprocessing = 0;
		};
/* End PBXSourcesBuildPhase section */

/* Begin PBXTargetDependency section */
		81842F3F1FA91B3300BFFC18 /* PBXTargetDependency */ = {
			isa = PBXTargetDependency;
			target = 81842F281FA91B3200BFFC18 /* Table2ExercuseTime */;
			targetProxy = 81842F3E1FA91B3300BFFC18 /* PBXContainerItemProxy */;
		};
		81842F4A1FA91B3300BFFC18 /* PBXTargetDependency */ = {
			isa = PBXTargetDependency;
			target = 81842F281FA91B3200BFFC18 /* Table2ExercuseTime */;
			targetProxy = 81842F491FA91B3300BFFC18 /* PBXContainerItemProxy */;
		};
/* End PBXTargetDependency section */

/* Begin PBXVariantGroup section */
		81842F301FA91B3200BFFC18 /* Main.storyboard */ = {
			isa = PBXVariantGroup;
			children = (
				81842F311FA91B3200BFFC18 /* Base */,
			);
			name = Main.storyboard;
			sourceTree = "<group>";
		};
		81842F351FA91B3200BFFC18 /* LaunchScreen.storyboard */ = {
			isa = PBXVariantGroup;
			children = (
				81842F361FA91B3200BFFC18 /* Base */,
			);
			name = LaunchScreen.storyboard;
			sourceTree = "<group>";
		};
/* End PBXVariantGroup section */

/* Begin XCBuildConfiguration section */
		81842F4F1FA91B3300BFFC18 /* Debug */ = {
			isa = XCBuildConfiguration;
			buildSettings = {
				ALWAYS_SEARCH_USER_PATHS = NO;
				CLANG_ANALYZER_NONNULL = YES;
				CLANG_ANALYZER_NUMBER_OBJECT_CONVERSION = YES_AGGRESSIVE;
				CLANG_CXX_LANGUAGE_STANDARD = "gnu++14";
				CLANG_CXX_LIBRARY = "libc++";
				CLANG_ENABLE_MODULES = YES;
				CLANG_ENABLE_OBJC_ARC = YES;
				CLANG_WARN_BLOCK_CAPTURE_AUTORELEASING = YES;
				CLANG_WARN_BOOL_CONVERSION = YES;
				CLANG_WARN_COMMA = YES;
				CLANG_WARN_CONSTANT_CONVERSION = YES;
				CLANG_WARN_DIRECT_OBJC_ISA_USAGE = YES_ERROR;
				CLANG_WARN_DOCUMENTATION_COMMENTS = YES;
				CLANG_WARN_EMPTY_BODY = YES;
				CLANG_WARN_ENUM_CONVERSION = YES;
				CLANG_WARN_INFINITE_RECURSION = YES;
				CLANG_WARN_INT_CONVERSION = YES;
				CLANG_WARN_NON_LITERAL_NULL_CONVERSION = YES;
				CLANG_WARN_OBJC_LITERAL_CONVERSION = YES;
				CLANG_WARN_OBJC_ROOT_CLASS = YES_ERROR;
				CLANG_WARN_RANGE_LOOP_ANALYSIS = YES;
				CLANG_WARN_STRICT_PROTOTYPES = YES;
				CLANG_WARN_SUSPICIOUS_MOVE = YES;
				CLANG_WARN_UNGUARDED_AVAILABILITY = YES_AGGRESSIVE;
				CLANG_WARN_UNREACHABLE_CODE = YES;
				CLANG_WARN__DUPLICATE_METHOD_MATCH = YES;
				CODE_SIGN_IDENTITY = "iPhone Developer";
				COPY_PHASE_STRIP = NO;
				DEBUG_INFORMATION_FORMAT = dwarf;
				ENABLE_STRICT_OBJC_MSGSEND = YES;
				ENABLE_TESTABILITY = YES;
				GCC_C_LANGUAGE_STANDARD = gnu11;
				GCC_DYNAMIC_NO_PIC = NO;
				GCC_NO_COMMON_BLOCKS = YES;
				GCC_OPTIMIZATION_LEVEL = 0;
				GCC_PREPROCESSOR_DEFINITIONS = (
					"DEBUG=1",
					"$(inherited)",
				);
				GCC_WARN_64_TO_32_BIT_CONVERSION = YES;
				GCC_WARN_ABOUT_RETURN_TYPE = YES_ERROR;
				GCC_WARN_UNDECLARED_SELECTOR = YES;
				GCC_WARN_UNINITIALIZED_AUTOS = YES_AGGRESSIVE;
				GCC_WARN_UNUSED_FUNCTION = YES;
				GCC_WARN_UNUSED_VARIABLE = YES;
				IPHONEOS_DEPLOYMENT_TARGET = 11.0;
				MTL_ENABLE_DEBUG_INFO = YES;
				ONLY_ACTIVE_ARCH = YES;
				SDKROOT = iphoneos;
				SWIFT_ACTIVE_COMPILATION_CONDITIONS = DEBUG;
				SWIFT_OPTIMIZATION_LEVEL = "-Onone";
			};
			name = Debug;
		};
		81842F501FA91B3300BFFC18 /* Release */ = {
			isa = XCBuildConfiguration;
			buildSettings = {
				ALWAYS_SEARCH_USER_PATHS = NO;
				CLANG_ANALYZER_NONNULL = YES;
				CLANG_ANALYZER_NUMBER_OBJECT_CONVERSION = YES_AGGRESSIVE;
				CLANG_CXX_LANGUAGE_STANDARD = "gnu++14";
				CLANG_CXX_LIBRARY = "libc++";
				CLANG_ENABLE_MODULES = YES;
				CLANG_ENABLE_OBJC_ARC = YES;
				CLANG_WARN_BLOCK_CAPTURE_AUTORELEASING = YES;
				CLANG_WARN_BOOL_CONVERSION = YES;
				CLANG_WARN_COMMA = YES;
				CLANG_WARN_CONSTANT_CONVERSION = YES;
				CLANG_WARN_DIRECT_OBJC_ISA_USAGE = YES_ERROR;
				CLANG_WARN_DOCUMENTATION_COMMENTS = YES;
				CLANG_WARN_EMPTY_BODY = YES;
				CLANG_WARN_ENUM_CONVERSION = YES;
				CLANG_WARN_INFINITE_RECURSION = YES;
				CLANG_WARN_INT_CONVERSION = YES;
				CLANG_WARN_NON_LITERAL_NULL_CONVERSION = YES;
				CLANG_WARN_OBJC_LITERAL_CONVERSION = YES;
				CLANG_WARN_OBJC_ROOT_CLASS = YES_ERROR;
				CLANG_WARN_RANGE_LOOP_ANALYSIS = YES;
				CLANG_WARN_STRICT_PROTOTYPES = YES;
				CLANG_WARN_SUSPICIOUS_MOVE = YES;
				CLANG_WARN_UNGUARDED_AVAILABILITY = YES_AGGRESSIVE;
				CLANG_WARN_UNREACHABLE_CODE = YES;
				CLANG_WARN__DUPLICATE_METHOD_MATCH = YES;
				CODE_SIGN_IDENTITY = "iPhone Developer";
				COPY_PHASE_STRIP = NO;
				DEBUG_INFORMATION_FORMAT = "dwarf-with-dsym";
				ENABLE_NS_ASSERTIONS = NO;
				ENABLE_STRICT_OBJC_MSGSEND = YES;
				GCC_C_LANGUAGE_STANDARD = gnu11;
				GCC_NO_COMMON_BLOCKS = YES;
				GCC_WARN_64_TO_32_BIT_CONVERSION = YES;
				GCC_WARN_ABOUT_RETURN_TYPE = YES_ERROR;
				GCC_WARN_UNDECLARED_SELECTOR = YES;
				GCC_WARN_UNINITIALIZED_AUTOS = YES_AGGRESSIVE;
				GCC_WARN_UNUSED_FUNCTION = YES;
				GCC_WARN_UNUSED_VARIABLE = YES;
				IPHONEOS_DEPLOYMENT_TARGET = 11.0;
				MTL_ENABLE_DEBUG_INFO = NO;
				SDKROOT = iphoneos;
				SWIFT_OPTIMIZATION_LEVEL = "-Owholemodule";
				VALIDATE_PRODUCT = YES;
			};
			name = Release;
		};
		81842F521FA91B3300BFFC18 /* Debug */ = {
			isa = XCBuildConfiguration;
			buildSettings = {
				ASSETCATALOG_COMPILER_APPICON_NAME = AppIcon;
				CODE_SIGN_STYLE = Automatic;
				INFOPLIST_FILE = Table2ExercuseTime/Info.plist;
				LD_RUNPATH_SEARCH_PATHS = "$(inherited) @executable_path/Frameworks";
				PRODUCT_BUNDLE_IDENTIFIER = "-.Table2ExercuseTime";
				PRODUCT_NAME = "$(TARGET_NAME)";
				SWIFT_VERSION = 4.0;
				TARGETED_DEVICE_FAMILY = "1,2";
			};
			name = Debug;
		};
		81842F531FA91B3300BFFC18 /* Release */ = {
			isa = XCBuildConfiguration;
			buildSettings = {
				ASSETCATALOG_COMPILER_APPICON_NAME = AppIcon;
				CODE_SIGN_STYLE = Automatic;
				INFOPLIST_FILE = Table2ExercuseTime/Info.plist;
				LD_RUNPATH_SEARCH_PATHS = "$(inherited) @executable_path/Frameworks";
				PRODUCT_BUNDLE_IDENTIFIER = "-.Table2ExercuseTime";
				PRODUCT_NAME = "$(TARGET_NAME)";
				SWIFT_VERSION = 4.0;
				TARGETED_DEVICE_FAMILY = "1,2";
			};
			name = Release;
		};
		81842F551FA91B3300BFFC18 /* Debug */ = {
			isa = XCBuildConfiguration;
			buildSettings = {
				ALWAYS_EMBED_SWIFT_STANDARD_LIBRARIES = YES;
				BUNDLE_LOADER = "$(TEST_HOST)";
				CODE_SIGN_STYLE = Automatic;
				INFOPLIST_FILE = Table2ExercuseTimeTests/Info.plist;
				LD_RUNPATH_SEARCH_PATHS = "$(inherited) @executable_path/Frameworks @loader_path/Frameworks";
				PRODUCT_BUNDLE_IDENTIFIER = "-.Table2ExercuseTimeTests";
				PRODUCT_NAME = "$(TARGET_NAME)";
				SWIFT_VERSION = 4.0;
				TARGETED_DEVICE_FAMILY = "1,2";
				TEST_HOST = "$(BUILT_PRODUCTS_DIR)/Table2ExercuseTime.app/Table2ExercuseTime";
			};
			name = Debug;
		};
		81842F561FA91B3300BFFC18 /* Release */ = {
			isa = XCBuildConfiguration;
			buildSettings = {
				ALWAYS_EMBED_SWIFT_STANDARD_LIBRARIES = YES;
				BUNDLE_LOADER = "$(TEST_HOST)";
				CODE_SIGN_STYLE = Automatic;
				INFOPLIST_FILE = Table2ExercuseTimeTests/Info.plist;
				LD_RUNPATH_SEARCH_PATHS = "$(inherited) @executable_path/Frameworks @loader_path/Frameworks";
				PRODUCT_BUNDLE_IDENTIFIER = "-.Table2ExercuseTimeTests";
				PRODUCT_NAME = "$(TARGET_NAME)";
				SWIFT_VERSION = 4.0;
				TARGETED_DEVICE_FAMILY = "1,2";
				TEST_HOST = "$(BUILT_PRODUCTS_DIR)/Table2ExercuseTime.app/Table2ExercuseTime";
			};
			name = Release;
		};
		81842F581FA91B3300BFFC18 /* Debug */ = {
			isa = XCBuildConfiguration;
			buildSettings = {
				ALWAYS_EMBED_SWIFT_STANDARD_LIBRARIES = YES;
				CODE_SIGN_STYLE = Automatic;
				INFOPLIST_FILE = Table2ExercuseTimeUITests/Info.plist;
				LD_RUNPATH_SEARCH_PATHS = "$(inherited) @executable_path/Frameworks @loader_path/Frameworks";
				PRODUCT_BUNDLE_IDENTIFIER = "-.Table2ExercuseTimeUITests";
				PRODUCT_NAME = "$(TARGET_NAME)";
				SWIFT_VERSION = 4.0;
				TARGETED_DEVICE_FAMILY = "1,2";
				TEST_TARGET_NAME = Table2ExercuseTime;
			};
			name = Debug;
		};
		81842F591FA91B3300BFFC18 /* Release */ = {
			isa = XCBuildConfiguration;
			buildSettings = {
				ALWAYS_EMBED_SWIFT_STANDARD_LIBRARIES = YES;
				CODE_SIGN_STYLE = Automatic;
				INFOPLIST_FILE = Table2ExercuseTimeUITests/Info.plist;
				LD_RUNPATH_SEARCH_PATHS = "$(inherited) @executable_path/Frameworks @loader_path/Frameworks";
				PRODUCT_BUNDLE_IDENTIFIER = "-.Table2ExercuseTimeUITests";
				PRODUCT_NAME = "$(TARGET_NAME)";
				SWIFT_VERSION = 4.0;
				TARGETED_DEVICE_FAMILY = "1,2";
				TEST_TARGET_NAME = Table2ExercuseTime;
			};
			name = Release;
		};
/* End XCBuildConfiguration section */

/* Begin XCConfigurationList section */
		81842F241FA91B3200BFFC18 /* Build configuration list for PBXProject "Table2ExercuseTime" */ = {
			isa = XCConfigurationList;
			buildConfigurations = (
				81842F4F1FA91B3300BFFC18 /* Debug */,
				81842F501FA91B3300BFFC18 /* Release */,
			);
			defaultConfigurationIsVisible = 0;
			defaultConfigurationName = Release;
		};
		81842F511FA91B3300BFFC18 /* Build configuration list for PBXNativeTarget "Table2ExercuseTime" */ = {
			isa = XCConfigurationList;
			buildConfigurations = (
				81842F521FA91B3300BFFC18 /* Debug */,
				81842F531FA91B3300BFFC18 /* Release */,
			);
			defaultConfigurationIsVisible = 0;
			defaultConfigurationName = Release;
		};
		81842F541FA91B3300BFFC18 /* Build configuration list for PBXNativeTarget "Table2ExercuseTimeTests" */ = {
			isa = XCConfigurationList;
			buildConfigurations = (
				81842F551FA91B3300BFFC18 /* Debug */,
				81842F561FA91B3300BFFC18 /* Release */,
			);
			defaultConfigurationIsVisible = 0;
			defaultConfigurationName = Release;
		};
		81842F571FA91B3300BFFC18 /* Build configuration list for PBXNativeTarget "Table2ExercuseTimeUITests" */ = {
			isa = XCConfigurationList;
			buildConfigurations = (
				81842F581FA91B3300BFFC18 /* Debug */,
				81842F591FA91B3300BFFC18 /* Release */,
			);
			defaultConfigurationIsVisible = 0;
			defaultConfigurationName = Release;
		};
/* End XCConfigurationList section */
	};
	rootObject = 81842F211FA91B3200BFFC18 /* Project object */;
}
